
Microsoft Visual Studio Solution File, Format Version 12.00
# Visual Studio Version 16
VisualStudioVersion = 16.0.30717.126
MinimumVisualStudioVersion = 10.0.40219.1
Project("{FAE04EC0-301F-11D3-BF4B-00C04F79EFBC}") = "BgsLiveBackend.Admin.Api", "BgsLiveBackend.Admin.Api\BgsLiveBackend.Admin.Api.csproj", "{48CDFC80-6FF6-49B3-ABE0-C6B54EF7BEEF}"
EndProject
Global
	GlobalSection(SolutionConfigurationPlatforms) = preSolution
		Debug|Any CPU = Debug|Any CPU
		Release|Any CPU = Release|Any CPU
	EndGlobalSection
	GlobalSection(ProjectConfigurationPlatforms) = postSolution
		{48CDFC80-6FF6-49B3-ABE0-C6B54EF7BEEF}.Debug|Any CPU.ActiveCfg = Debug|Any CPU
		{48CDFC80-6FF6-49B3-ABE0-C6B54EF7BEEF}.Debug|Any CPU.Build.0 = Debug|Any CPU
		{48CDFC80-6FF6-49B3-ABE0-C6B54EF7BEEF}.Release|Any CPU.ActiveCfg = Release|Any CPU
		{48CDFC80-6FF6-49B3-ABE0-C6B54EF7BEEF}.Release|Any CPU.Build.0 = Release|Any CPU
	EndGlobalSection
	GlobalSection(SolutionProperties) = preSolution
		HideSolutionNode = FALSE
	EndGlobalSection
	GlobalSection(ExtensibilityGlobals) = postSolution
		SolutionGuid = {9ABC4E6B-72DA-40D0-8743-DBECC4D7AE31}
	EndGlobalSection
EndGlobal
